
Microsoft Visual Studio Solution File, Format Version 12.00
# Visual Studio Version 16
VisualStudioVersion = 16.0.28803.156
MinimumVisualStudioVersion = 10.0.40219.1
Project("{FAE04EC0-301F-11D3-BF4B-00C04F79EFBC}") = "ByteBank", "ByteBank\ByteBank.csproj", "{406F132D-78DA-49C5-AEFC-4C1C5294455F}"
EndProject
Global
	GlobalSection(SolutionConfigurationPlatforms) = preSolution
		Debug|Any CPU = Debug|Any CPU
		Release|Any CPU = Release|Any CPU
	EndGlobalSection
	GlobalSection(ProjectConfigurationPlatforms) = postSolution
		{406F132D-78DA-49C5-AEFC-4C1C5294455F}.Debug|Any CPU.ActiveCfg = Debug|Any CPU
		{406F132D-78DA-49C5-AEFC-4C1C5294455F}.Debug|Any CPU.Build.0 = Debug|Any CPU
		{406F132D-78DA-49C5-AEFC-4C1C5294455F}.Release|Any CPU.ActiveCfg = Release|Any CPU
		{406F132D-78DA-49C5-AEFC-4C1C5294455F}.Release|Any CPU.Build.0 = Release|Any CPU
	EndGlobalSection
	GlobalSection(SolutionProperties) = preSolution
		HideSolutionNode = FALSE
	EndGlobalSection
	GlobalSection(ExtensibilityGlobals) = postSolution
		SolutionGuid = {943263AF-F229-4E16-861E-8F8D1049F225}
	EndGlobalSection
EndGlobal
