
Microsoft Visual Studio Solution File, Format Version 12.00
# Visual Studio Version 16
VisualStudioVersion = 16.0.28803.202
MinimumVisualStudioVersion = 10.0.40219.1
Project("{FAE04EC0-301F-11D3-BF4B-00C04F79EFBC}") = "ByteBank", "ByteBank\ByteBank.csproj", "{C3661454-8E20-48CF-8789-33537A0A776B}"
EndProject
Global
	GlobalSection(SolutionConfigurationPlatforms) = preSolution
		Debug|Any CPU = Debug|Any CPU
		Release|Any CPU = Release|Any CPU
	EndGlobalSection
	GlobalSection(ProjectConfigurationPlatforms) = postSolution
		{C3661454-8E20-48CF-8789-33537A0A776B}.Debug|Any CPU.ActiveCfg = Debug|Any CPU
		{C3661454-8E20-48CF-8789-33537A0A776B}.Debug|Any CPU.Build.0 = Debug|Any CPU
		{C3661454-8E20-48CF-8789-33537A0A776B}.Release|Any CPU.ActiveCfg = Release|Any CPU
		{C3661454-8E20-48CF-8789-33537A0A776B}.Release|Any CPU.Build.0 = Release|Any CPU
	EndGlobalSection
	GlobalSection(SolutionProperties) = preSolution
		HideSolutionNode = FALSE
	EndGlobalSection
	GlobalSection(ExtensibilityGlobals) = postSolution
		SolutionGuid = {BA8DA998-3365-436E-ACFF-244DD15E3F13}
	EndGlobalSection
EndGlobal
