
Microsoft Visual Studio Solution File, Format Version 12.00
# Visual Studio Version 16
VisualStudioVersion = 16.0.28803.202
MinimumVisualStudioVersion = 10.0.40219.1
Project("{FAE04EC0-301F-11D3-BF4B-00C04F79EFBC}") = "ByteBank.SistemaAgencia", "ByteBank.SistemaAgencia\ByteBank.SistemaAgencia.csproj", "{9404A612-E5AF-45D7-B44D-1A6D9857999B}"
EndProject
Project("{FAE04EC0-301F-11D3-BF4B-00C04F79EFBC}") = "ByteBank.Modelos", "ByteBank.Modelos\ByteBank.Modelos.csproj", "{8F9E54F8-FD93-47C9-9619-97719F46DB6E}"
EndProject
Global
	GlobalSection(SolutionConfigurationPlatforms) = preSolution
		Debug|Any CPU = Debug|Any CPU
		Release|Any CPU = Release|Any CPU
	EndGlobalSection
	GlobalSection(ProjectConfigurationPlatforms) = postSolution
		{9404A612-E5AF-45D7-B44D-1A6D9857999B}.Debug|Any CPU.ActiveCfg = Debug|Any CPU
		{9404A612-E5AF-45D7-B44D-1A6D9857999B}.Debug|Any CPU.Build.0 = Debug|Any CPU
		{9404A612-E5AF-45D7-B44D-1A6D9857999B}.Release|Any CPU.ActiveCfg = Release|Any CPU
		{9404A612-E5AF-45D7-B44D-1A6D9857999B}.Release|Any CPU.Build.0 = Release|Any CPU
		{8F9E54F8-FD93-47C9-9619-97719F46DB6E}.Debug|Any CPU.ActiveCfg = Debug|Any CPU
		{8F9E54F8-FD93-47C9-9619-97719F46DB6E}.Debug|Any CPU.Build.0 = Debug|Any CPU
		{8F9E54F8-FD93-47C9-9619-97719F46DB6E}.Release|Any CPU.ActiveCfg = Release|Any CPU
		{8F9E54F8-FD93-47C9-9619-97719F46DB6E}.Release|Any CPU.Build.0 = Release|Any CPU
	EndGlobalSection
	GlobalSection(SolutionProperties) = preSolution
		HideSolutionNode = FALSE
	EndGlobalSection
	GlobalSection(ExtensibilityGlobals) = postSolution
		SolutionGuid = {48EC8BAC-DA7E-4ED1-BDCE-AAAE82EE96DE}
	EndGlobalSection
EndGlobal
